
Microsoft Visual Studio Solution File, Format Version 12.00
# Visual Studio Version 18
VisualStudioVersion = 18.5.11801.241 oobstable
MinimumVisualStudioVersion = 10.0.40219.1
Project("{FAE04EC0-301F-11D3-BF4B-00C04F79EFBC}") = "CareMVC", "CareMVC\CareMVC.csproj", "{B87A91E3-EEB2-4570-97A5-D5693EF44C58}"
EndProject
Project("{FAE04EC0-301F-11D3-BF4B-00C04F79EFBC}") = "CareSyncAPI", "CareSyncAPI\CareSyncAPI.csproj", "{697EB774-556C-4A24-8E74-315F70F42B01}"
EndProject
Global
	GlobalSection(SolutionConfigurationPlatforms) = preSolution
		Debug|Any CPU = Debug|Any CPU
		Release|Any CPU = Release|Any CPU
	EndGlobalSection
	GlobalSection(ProjectConfigurationPlatforms) = postSolution
		{B87A91E3-EEB2-4570-97A5-D5693EF44C58}.Debug|Any CPU.ActiveCfg = Debug|Any CPU
		{B87A91E3-EEB2-4570-97A5-D5693EF44C58}.Debug|Any CPU.Build.0 = Debug|Any CPU
		{B87A91E3-EEB2-4570-97A5-D5693EF44C58}.Release|Any CPU.ActiveCfg = Release|Any CPU
		{B87A91E3-EEB2-4570-97A5-D5693EF44C58}.Release|Any CPU.Build.0 = Release|Any CPU
		{697EB774-556C-4A24-8E74-315F70F42B01}.Debug|Any CPU.ActiveCfg = Debug|Any CPU
		{697EB774-556C-4A24-8E74-315F70F42B01}.Debug|Any CPU.Build.0 = Debug|Any CPU
		{697EB774-556C-4A24-8E74-315F70F42B01}.Release|Any CPU.ActiveCfg = Release|Any CPU
		{697EB774-556C-4A24-8E74-315F70F42B01}.Release|Any CPU.Build.0 = Release|Any CPU
	EndGlobalSection
	GlobalSection(SolutionProperties) = preSolution
		HideSolutionNode = FALSE
	EndGlobalSection
	GlobalSection(ExtensibilityGlobals) = postSolution
		SolutionGuid = {C513514B-B8E1-4B00-AF91-D61821137F49}
	EndGlobalSection
EndGlobal
